
Microsoft Visual Studio Solution File, Format Version 11.00
# Visual Studio 2010
Project("{FAE04EC0-301F-11D3-BF4B-00C04F79EFBC}") = "Assembly-CSharp", "Assembly-CSharp.csproj", "{730b0a17-2d6b-a30e-946c-573976b6acec}"
EndProject
Project("{FAE04EC0-301F-11D3-BF4B-00C04F79EFBC}") = "RuntimeTests", "RuntimeTests.csproj", "{e84440bc-db1b-9e4d-db8d-7aa29e3a5a04}"
EndProject
Project("{FAE04EC0-301F-11D3-BF4B-00C04F79EFBC}") = "Assembly-CSharp-Editor", "Assembly-CSharp-Editor.csproj", "{621bc537-4573-19dc-f3b1-10d9b6bbff76}"
EndProject
Project("{FAE04EC0-301F-11D3-BF4B-00C04F79EFBC}") = "EditorTests", "EditorTests.csproj", "{c2ff27b1-c4ea-070f-918e-c95daf87fc2e}"
EndProject
Global
	GlobalSection(SolutionConfigurationPlatforms) = preSolution
		Debug|Any CPU = Debug|Any CPU
	EndGlobalSection
	GlobalSection(ProjectConfigurationPlatforms) = postSolution
		{730b0a17-2d6b-a30e-946c-573976b6acec}.Debug|Any CPU.ActiveCfg = Debug|Any CPU
		{730b0a17-2d6b-a30e-946c-573976b6acec}.Debug|Any CPU.Build.0 = Debug|Any CPU
		{e84440bc-db1b-9e4d-db8d-7aa29e3a5a04}.Debug|Any CPU.ActiveCfg = Debug|Any CPU
		{e84440bc-db1b-9e4d-db8d-7aa29e3a5a04}.Debug|Any CPU.Build.0 = Debug|Any CPU
		{621bc537-4573-19dc-f3b1-10d9b6bbff76}.Debug|Any CPU.ActiveCfg = Debug|Any CPU
		{621bc537-4573-19dc-f3b1-10d9b6bbff76}.Debug|Any CPU.Build.0 = Debug|Any CPU
		{c2ff27b1-c4ea-070f-918e-c95daf87fc2e}.Debug|Any CPU.ActiveCfg = Debug|Any CPU
		{c2ff27b1-c4ea-070f-918e-c95daf87fc2e}.Debug|Any CPU.Build.0 = Debug|Any CPU
	EndGlobalSection
	GlobalSection(SolutionProperties) = preSolution
		HideSolutionNode = FALSE
	EndGlobalSection
EndGlobal
